
Microsoft Visual Studio Solution File, Format Version 12.00
# Visual Studio Version 17
VisualStudioVersion = 17.13.35825.156
MinimumVisualStudioVersion = 10.0.40219.1
Project("{FAE04EC0-301F-11D3-BF4B-00C04F79EFBC}") = "Erişim Belirleyiciler ve Değişkenler", "Erişim Belirleyiciler ve Değişkenler\Erişim Belirleyiciler ve Değişkenler.csproj", "{091D05BF-77BD-4582-9127-308D780B5567}"
EndProject
Global
	GlobalSection(SolutionConfigurationPlatforms) = preSolution
		Debug|Any CPU = Debug|Any CPU
		Release|Any CPU = Release|Any CPU
	EndGlobalSection
	GlobalSection(ProjectConfigurationPlatforms) = postSolution
		{091D05BF-77BD-4582-9127-308D780B5567}.Debug|Any CPU.ActiveCfg = Debug|Any CPU
		{091D05BF-77BD-4582-9127-308D780B5567}.Debug|Any CPU.Build.0 = Debug|Any CPU
		{091D05BF-77BD-4582-9127-308D780B5567}.Release|Any CPU.ActiveCfg = Release|Any CPU
		{091D05BF-77BD-4582-9127-308D780B5567}.Release|Any CPU.Build.0 = Release|Any CPU
	EndGlobalSection
	GlobalSection(SolutionProperties) = preSolution
		HideSolutionNode = FALSE
	EndGlobalSection
	GlobalSection(ExtensibilityGlobals) = postSolution
		SolutionGuid = {2E9F3960-4A8E-4056-ADE4-1681E77A3781}
	EndGlobalSection
EndGlobal
