
Microsoft Visual Studio Solution File, Format Version 12.00
# Visual Studio Version 17
VisualStudioVersion = 17.13.35919.96 d17.13
MinimumVisualStudioVersion = 10.0.40219.1
Project("{FAE04EC0-301F-11D3-BF4B-00C04F79EFBC}") = "14ACUN MEDYA AKADEMI", "14ACUN MEDYA AKADEMI\14ACUN MEDYA AKADEMI.csproj", "{A8137A0D-A758-4779-91DA-45069C68572E}"
EndProject
Global
	GlobalSection(SolutionConfigurationPlatforms) = preSolution
		Debug|Any CPU = Debug|Any CPU
		Release|Any CPU = Release|Any CPU
	EndGlobalSection
	GlobalSection(ProjectConfigurationPlatforms) = postSolution
		{A8137A0D-A758-4779-91DA-45069C68572E}.Debug|Any CPU.ActiveCfg = Debug|Any CPU
		{A8137A0D-A758-4779-91DA-45069C68572E}.Debug|Any CPU.Build.0 = Debug|Any CPU
		{A8137A0D-A758-4779-91DA-45069C68572E}.Release|Any CPU.ActiveCfg = Release|Any CPU
		{A8137A0D-A758-4779-91DA-45069C68572E}.Release|Any CPU.Build.0 = Release|Any CPU
	EndGlobalSection
	GlobalSection(SolutionProperties) = preSolution
		HideSolutionNode = FALSE
	EndGlobalSection
	GlobalSection(ExtensibilityGlobals) = postSolution
		SolutionGuid = {79944F1E-311D-42A4-9665-98B19DC70188}
	EndGlobalSection
EndGlobal
