
Microsoft Visual Studio Solution File, Format Version 12.00
# Visual Studio Version 17
VisualStudioVersion = 17.13.35825.156 d17.13
MinimumVisualStudioVersion = 10.0.40219.1
Project("{FAE04EC0-301F-11D3-BF4B-00C04F79EFBC}") = "Merhaba, Dünya!", "Merhaba, Dünya!\Merhaba, Dünya!.csproj", "{711D84E8-FC68-4B52-A96A-DFC6C3A6BBB0}"
EndProject
Global
	GlobalSection(SolutionConfigurationPlatforms) = preSolution
		Debug|Any CPU = Debug|Any CPU
		Release|Any CPU = Release|Any CPU
	EndGlobalSection
	GlobalSection(ProjectConfigurationPlatforms) = postSolution
		{711D84E8-FC68-4B52-A96A-DFC6C3A6BBB0}.Debug|Any CPU.ActiveCfg = Debug|Any CPU
		{711D84E8-FC68-4B52-A96A-DFC6C3A6BBB0}.Debug|Any CPU.Build.0 = Debug|Any CPU
		{711D84E8-FC68-4B52-A96A-DFC6C3A6BBB0}.Release|Any CPU.ActiveCfg = Release|Any CPU
		{711D84E8-FC68-4B52-A96A-DFC6C3A6BBB0}.Release|Any CPU.Build.0 = Release|Any CPU
	EndGlobalSection
	GlobalSection(SolutionProperties) = preSolution
		HideSolutionNode = FALSE
	EndGlobalSection
	GlobalSection(ExtensibilityGlobals) = postSolution
		SolutionGuid = {F21B25B6-76EB-48D3-9C6B-86B4D1206A87}
	EndGlobalSection
EndGlobal
